
Microsoft Visual Studio Solution File, Format Version 12.00
# Visual Studio Version 17
VisualStudioVersion = 17.7.34202.233
MinimumVisualStudioVersion = 10.0.40219.1
Project("{FAE04EC0-301F-11D3-BF4B-00C04F79EFBC}") = "TH_TMĐT", "TH_TMĐT\TH_TMĐT.csproj", "{BBEFE35B-E0B9-4030-B847-AE9ACF75EA94}"
EndProject
Global
	GlobalSection(SolutionConfigurationPlatforms) = preSolution
		Debug|Any CPU = Debug|Any CPU
		Release|Any CPU = Release|Any CPU
	EndGlobalSection
	GlobalSection(ProjectConfigurationPlatforms) = postSolution
		{BBEFE35B-E0B9-4030-B847-AE9ACF75EA94}.Debug|Any CPU.ActiveCfg = Debug|Any CPU
		{BBEFE35B-E0B9-4030-B847-AE9ACF75EA94}.Debug|Any CPU.Build.0 = Debug|Any CPU
		{BBEFE35B-E0B9-4030-B847-AE9ACF75EA94}.Release|Any CPU.ActiveCfg = Release|Any CPU
		{BBEFE35B-E0B9-4030-B847-AE9ACF75EA94}.Release|Any CPU.Build.0 = Release|Any CPU
	EndGlobalSection
	GlobalSection(SolutionProperties) = preSolution
		HideSolutionNode = FALSE
	EndGlobalSection
	GlobalSection(ExtensibilityGlobals) = postSolution
		SolutionGuid = {AC1AD9A4-E312-4E7D-AA50-C4FCFA74BC71}
	EndGlobalSection
EndGlobal
